
Microsoft Visual Studio Solution File, Format Version 12.00
# Visual Studio Version 17
VisualStudioVersion = 17.1.32421.90
MinimumVisualStudioVersion = 10.0.40219.1
Project("{FAE04EC0-301F-11D3-BF4B-00C04F79EFBC}") = "ZooApp", "ZooApp\ZooApp.csproj", "{BDED92C4-692B-4729-9FFE-15EF2BD54003}"
EndProject
Global
	GlobalSection(SolutionConfigurationPlatforms) = preSolution
		Debug|Any CPU = Debug|Any CPU
		Release|Any CPU = Release|Any CPU
	EndGlobalSection
	GlobalSection(ProjectConfigurationPlatforms) = postSolution
		{BDED92C4-692B-4729-9FFE-15EF2BD54003}.Debug|Any CPU.ActiveCfg = Debug|Any CPU
		{BDED92C4-692B-4729-9FFE-15EF2BD54003}.Debug|Any CPU.Build.0 = Debug|Any CPU
		{BDED92C4-692B-4729-9FFE-15EF2BD54003}.Release|Any CPU.ActiveCfg = Release|Any CPU
		{BDED92C4-692B-4729-9FFE-15EF2BD54003}.Release|Any CPU.Build.0 = Release|Any CPU
	EndGlobalSection
	GlobalSection(SolutionProperties) = preSolution
		HideSolutionNode = FALSE
	EndGlobalSection
	GlobalSection(ExtensibilityGlobals) = postSolution
		SolutionGuid = {2439749A-E236-41A4-BDEC-94DC32E1886B}
	EndGlobalSection
EndGlobal
